
Microsoft Visual Studio Solution File, Format Version 12.00
# Visual Studio Version 16
VisualStudioVersion = 16.0.30128.74
MinimumVisualStudioVersion = 10.0.40219.1
Project("{FAE04EC0-301F-11D3-BF4B-00C04F79EFBC}") = "MH-GenerateToken", "MH-GenerateToken\MH-GenerateToken.csproj", "{4312F0D1-4306-4C16-9D44-1B9B5BCC4BDC}"
EndProject
Global
	GlobalSection(SolutionConfigurationPlatforms) = preSolution
		Debug|Any CPU = Debug|Any CPU
		Release|Any CPU = Release|Any CPU
	EndGlobalSection
	GlobalSection(ProjectConfigurationPlatforms) = postSolution
		{4312F0D1-4306-4C16-9D44-1B9B5BCC4BDC}.Debug|Any CPU.ActiveCfg = Debug|Any CPU
		{4312F0D1-4306-4C16-9D44-1B9B5BCC4BDC}.Debug|Any CPU.Build.0 = Debug|Any CPU
		{4312F0D1-4306-4C16-9D44-1B9B5BCC4BDC}.Release|Any CPU.ActiveCfg = Release|Any CPU
		{4312F0D1-4306-4C16-9D44-1B9B5BCC4BDC}.Release|Any CPU.Build.0 = Release|Any CPU
	EndGlobalSection
	GlobalSection(SolutionProperties) = preSolution
		HideSolutionNode = FALSE
	EndGlobalSection
	GlobalSection(ExtensibilityGlobals) = postSolution
		SolutionGuid = {D076946B-0781-4A7E-95F0-547B8C7B50F2}
	EndGlobalSection
EndGlobal
